
Microsoft Visual Studio Solution File, Format Version 12.00
# Visual Studio Version 17
VisualStudioVersion = 17.13.35806.99
MinimumVisualStudioVersion = 10.0.40219.1
Project("{FAE04EC0-301F-11D3-BF4B-00C04F79EFBC}") = "KBUBComm", "KBUB's COMMs\KBUBComm.csproj", "{65909CD9-36BA-4206-879C-3801241971A8}"
EndProject
Global
	GlobalSection(SolutionConfigurationPlatforms) = preSolution
		Debug|Any CPU = Debug|Any CPU
		Release|Any CPU = Release|Any CPU
	EndGlobalSection
	GlobalSection(ProjectConfigurationPlatforms) = postSolution
		{65909CD9-36BA-4206-879C-3801241971A8}.Debug|Any CPU.ActiveCfg = Debug|Any CPU
		{65909CD9-36BA-4206-879C-3801241971A8}.Debug|Any CPU.Build.0 = Debug|Any CPU
		{65909CD9-36BA-4206-879C-3801241971A8}.Release|Any CPU.ActiveCfg = Release|Any CPU
		{65909CD9-36BA-4206-879C-3801241971A8}.Release|Any CPU.Build.0 = Release|Any CPU
	EndGlobalSection
	GlobalSection(SolutionProperties) = preSolution
		HideSolutionNode = FALSE
	EndGlobalSection
	GlobalSection(ExtensibilityGlobals) = postSolution
		SolutionGuid = {4914EF80-8D91-45CA-9393-C33CFDD3D086}
	EndGlobalSection
EndGlobal
